# THIS IS AN AUTOGENERATED FILE. DO NOT EDIT THIS FILE DIRECTLY.
# yarn lockfile v1


"@heroicons/react@^2.0.13":
  "integrity" "sha512-iSN5XwmagrnirWlYEWNPdCDj9aRYVD/lnK3JlsC9/+fqGF80k8C7rl+1HCvBX0dBoagKqOFBs6fMhJJ1hOg1EQ=="
  "resolved" "https://registry.npmjs.org/@heroicons/react/-/react-2.0.13.tgz"
  "version" "2.0.13"

"chart.js@^3.5.0", "chart.js@^3.9.1":
  "integrity" "sha512-Ro2JbLmvg83gXF5F4sniaQ+lTbSv18E+TIf2cOeiH1Iqd2PGFOtem+DUufMZsCJwFE7ywPOpfXFBwRTGq7dh6w=="
  "resolved" "https://registry.npmjs.org/chart.js/-/chart.js-3.9.1.tgz"
  "version" "3.9.1"

"js-tokens@^3.0.0 || ^4.0.0":
  "integrity" "sha512-RdJUflcE3cUzKiMqQgsCu06FPu9UdIJO0beYbPhHN4k6apgJtifcoCtT9bcxOpYBtpD2kCM6Sbzg4CausW/PKQ=="
  "resolved" "https://registry.npmjs.org/js-tokens/-/js-tokens-4.0.0.tgz"
  "version" "4.0.0"

"loose-envify@^1.1.0":
  "integrity" "sha512-lyuxPGr/Wfhrlem2CL/UcnUc1zcqKAImBDzukY7Y5F/yQiNdko6+fRLevlw1HgMySw7f611UIY408EtxRSoK3Q=="
  "resolved" "https://registry.npmjs.org/loose-envify/-/loose-envify-1.4.0.tgz"
  "version" "1.4.0"
  dependencies:
    "js-tokens" "^3.0.0 || ^4.0.0"

"react-chartjs-2@^4.3.1":
  "integrity" "sha512-5i3mjP6tU7QSn0jvb8I4hudTzHJqS8l00ORJnVwI2sYu0ihpj83Lv2YzfxunfxTZkscKvZu2F2w9LkwNBhj6xA=="
  "resolved" "https://registry.npmjs.org/react-chartjs-2/-/react-chartjs-2-4.3.1.tgz"
  "version" "4.3.1"

"react@^16.8.0 || ^17.0.0 || ^18.0.0", "react@>= 16":
  "integrity" "sha512-/3IjMdb2L9QbBdWiW5e3P2/npwMBaU9mHCSCUzNln0ZCYbcfTsGbTJrU/kGemdH2IWmB2ioZ+zkxtmq6g09fGQ=="
  "resolved" "https://registry.npmjs.org/react/-/react-18.2.0.tgz"
  "version" "18.2.0"
  dependencies:
    "loose-envify" "^1.1.0"
